
Microsoft Visual Studio Solution File, Format Version 12.00
# Visual Studio 15
VisualStudioVersion = 15.0.27130.2026
MinimumVisualStudioVersion = 10.0.40219.1
Project("{2150E333-8FDC-42A3-9474-1A3956D46DE8}") = ".NET", ".NET", "{3A4FD92B-6B0D-482B-951E-EEE890AC6579}"
EndProject
Project("{2150E333-8FDC-42A3-9474-1A3956D46DE8}") = ".NET Core", ".NET Core", "{48788C03-C5A8-40B4-9D48-70BC429BCCC5}"
EndProject
Project("{2150E333-8FDC-42A3-9474-1A3956D46DE8}") = "Test", "Test", "{F61EF9DE-529C-4546-A777-890F41C19E71}"
EndProject
Project("{9A19103F-16F7-4668-BE54-9A1E7A4F7556}") = "GPdotNet.Core", "Net.Core\GPdotNet.Core\GPdotNet.Core.csproj", "{FE5774DC-EB91-425C-86B7-51F792C78A3A}"
EndProject
Project("{9A19103F-16F7-4668-BE54-9A1E7A4F7556}") = "GPdotNet.Data", "Net.Core\GPdotNet.Data\GPdotNet.Data.csproj", "{01AD8460-3221-47C5-9FF3-38F12255FD96}"
EndProject
Project("{9A19103F-16F7-4668-BE54-9A1E7A4F7556}") = "GPdotNet.Interfaces", "Net.Core\GPdotNet.Interfaces\GPdotNet.Interfaces.csproj", "{9DF71459-9FAE-460C-A923-9BB0214F5BC7}"
EndProject
Project("{9A19103F-16F7-4668-BE54-9A1E7A4F7556}") = "gpdotnet.xunit", "Test\GPdotNet.xunit\gpdotnet.xunit.csproj", "{F72CE0B7-8D40-498C-B6DD-AE21051AACA0}"
EndProject
Project("{FAE04EC0-301F-11D3-BF4B-00C04F79EFBC}") = "GPdotNet.Wnd.GUI.TestApp", "Test\GPdotNet.Wnd.GUI.Test\GPdotNet.Wnd.GUI.TestApp.csproj", "{149D0D73-835B-4598-8749-07223B28C709}"
EndProject
Project("{FAE04EC0-301F-11D3-BF4B-00C04F79EFBC}") = "GPdotNet.Export", "Net\GPdotNET.Export\GPdotNet.Export.csproj", "{DFC01F94-1528-4DD6-AFBC-42DEF6433D18}"
EndProject
Project("{2150E333-8FDC-42A3-9474-1A3956D46DE8}") = "AddIns", "AddIns", "{B2DCC1E2-88BE-458B-B12D-DCC18BE93468}"
EndProject
Project("{9A19103F-16F7-4668-BE54-9A1E7A4F7556}") = "GPdotNet.Core.App", "Net.Core\GPdotNet.Core.App\GPdotNet.Core.App.csproj", "{CFD6E9C9-FA4C-42BC-8D5F-8FBF517D7C3B}"
EndProject
Project("{FAE04EC0-301F-11D3-BF4B-00C04F79EFBC}") = "GPdotNET.Wnd.App", "Net\GPdotNET.Wnd.App\GPdotNET.Wnd.App.csproj", "{ECFDABEE-16FE-4084-B518-533709A768A8}"
EndProject
Project("{FAE04EC0-301F-11D3-BF4B-00C04F79EFBC}") = "Wnd.Ribbon", "Net\Wnd.Ribbon\Wnd.Ribbon.csproj", "{46A18A55-5AE8-49CE-91CD-C7421B642E7E}"
EndProject
Project("{9A19103F-16F7-4668-BE54-9A1E7A4F7556}") = "GPdotNet.Modeling", "Net.Core\GPdotNET.Modeling\GPdotNet.Modeling.csproj", "{EAEC380C-051A-49D9-9E4B-6302CE1624FB}"
EndProject
Project("{FAE04EC0-301F-11D3-BF4B-00C04F79EFBC}") = "GPdotNet.Wnd.Dll", "Net\GPdotNET.Wnd.Dll\GPdotNet.Wnd.Dll.csproj", "{9564581D-0DCF-4EF4-92E7-30AFC346D4DA}"
EndProject
Project("{2150E333-8FDC-42A3-9474-1A3956D46DE8}") = "Win", "Win", "{C31017FE-8C77-4258-AD41-D868DF651F44}"
EndProject
Project("{9A19103F-16F7-4668-BE54-9A1E7A4F7556}") = "GPdotNET.MathStuff", "Net.Core\GPdotNET.Math\GPdotNET.MathStuff.csproj", "{E4BDF9AC-32C1-4467-9BA9-64C240C16775}"
EndProject
Global
	GlobalSection(SolutionConfigurationPlatforms) = preSolution
		Debug|Any CPU = Debug|Any CPU
		Release|Any CPU = Release|Any CPU
	EndGlobalSection
	GlobalSection(ProjectConfigurationPlatforms) = postSolution
		{FE5774DC-EB91-425C-86B7-51F792C78A3A}.Debug|Any CPU.ActiveCfg = Debug|Any CPU
		{FE5774DC-EB91-425C-86B7-51F792C78A3A}.Debug|Any CPU.Build.0 = Debug|Any CPU
		{FE5774DC-EB91-425C-86B7-51F792C78A3A}.Release|Any CPU.ActiveCfg = Release|Any CPU
		{FE5774DC-EB91-425C-86B7-51F792C78A3A}.Release|Any CPU.Build.0 = Release|Any CPU
		{01AD8460-3221-47C5-9FF3-38F12255FD96}.Debug|Any CPU.ActiveCfg = Debug|Any CPU
		{01AD8460-3221-47C5-9FF3-38F12255FD96}.Debug|Any CPU.Build.0 = Debug|Any CPU
		{01AD8460-3221-47C5-9FF3-38F12255FD96}.Release|Any CPU.ActiveCfg = Release|Any CPU
		{01AD8460-3221-47C5-9FF3-38F12255FD96}.Release|Any CPU.Build.0 = Release|Any CPU
		{9DF71459-9FAE-460C-A923-9BB0214F5BC7}.Debug|Any CPU.ActiveCfg = Debug|Any CPU
		{9DF71459-9FAE-460C-A923-9BB0214F5BC7}.Debug|Any CPU.Build.0 = Debug|Any CPU
		{9DF71459-9FAE-460C-A923-9BB0214F5BC7}.Release|Any CPU.ActiveCfg = Release|Any CPU
		{9DF71459-9FAE-460C-A923-9BB0214F5BC7}.Release|Any CPU.Build.0 = Release|Any CPU
		{F72CE0B7-8D40-498C-B6DD-AE21051AACA0}.Debug|Any CPU.ActiveCfg = Debug|Any CPU
		{F72CE0B7-8D40-498C-B6DD-AE21051AACA0}.Debug|Any CPU.Build.0 = Debug|Any CPU
		{F72CE0B7-8D40-498C-B6DD-AE21051AACA0}.Release|Any CPU.ActiveCfg = Release|Any CPU
		{F72CE0B7-8D40-498C-B6DD-AE21051AACA0}.Release|Any CPU.Build.0 = Release|Any CPU
		{149D0D73-835B-4598-8749-07223B28C709}.Debug|Any CPU.ActiveCfg = Debug|Any CPU
		{149D0D73-835B-4598-8749-07223B28C709}.Debug|Any CPU.Build.0 = Debug|Any CPU
		{149D0D73-835B-4598-8749-07223B28C709}.Release|Any CPU.ActiveCfg = Release|Any CPU
		{149D0D73-835B-4598-8749-07223B28C709}.Release|Any CPU.Build.0 = Release|Any CPU
		{DFC01F94-1528-4DD6-AFBC-42DEF6433D18}.Debug|Any CPU.ActiveCfg = Debug|Any CPU
		{DFC01F94-1528-4DD6-AFBC-42DEF6433D18}.Debug|Any CPU.Build.0 = Debug|Any CPU
		{DFC01F94-1528-4DD6-AFBC-42DEF6433D18}.Release|Any CPU.ActiveCfg = Release|Any CPU
		{DFC01F94-1528-4DD6-AFBC-42DEF6433D18}.Release|Any CPU.Build.0 = Release|Any CPU
		{CFD6E9C9-FA4C-42BC-8D5F-8FBF517D7C3B}.Debug|Any CPU.ActiveCfg = Debug|Any CPU
		{CFD6E9C9-FA4C-42BC-8D5F-8FBF517D7C3B}.Debug|Any CPU.Build.0 = Debug|Any CPU
		{CFD6E9C9-FA4C-42BC-8D5F-8FBF517D7C3B}.Release|Any CPU.ActiveCfg = Release|Any CPU
		{CFD6E9C9-FA4C-42BC-8D5F-8FBF517D7C3B}.Release|Any CPU.Build.0 = Release|Any CPU
		{ECFDABEE-16FE-4084-B518-533709A768A8}.Debug|Any CPU.ActiveCfg = Debug|Any CPU
		{ECFDABEE-16FE-4084-B518-533709A768A8}.Debug|Any CPU.Build.0 = Debug|Any CPU
		{ECFDABEE-16FE-4084-B518-533709A768A8}.Release|Any CPU.ActiveCfg = Release|Any CPU
		{ECFDABEE-16FE-4084-B518-533709A768A8}.Release|Any CPU.Build.0 = Release|Any CPU
		{46A18A55-5AE8-49CE-91CD-C7421B642E7E}.Debug|Any CPU.ActiveCfg = Debug|Any CPU
		{46A18A55-5AE8-49CE-91CD-C7421B642E7E}.Debug|Any CPU.Build.0 = Debug|Any CPU
		{46A18A55-5AE8-49CE-91CD-C7421B642E7E}.Release|Any CPU.ActiveCfg = Release|Any CPU
		{46A18A55-5AE8-49CE-91CD-C7421B642E7E}.Release|Any CPU.Build.0 = Release|Any CPU
		{EAEC380C-051A-49D9-9E4B-6302CE1624FB}.Debug|Any CPU.ActiveCfg = Debug|Any CPU
		{EAEC380C-051A-49D9-9E4B-6302CE1624FB}.Debug|Any CPU.Build.0 = Debug|Any CPU
		{EAEC380C-051A-49D9-9E4B-6302CE1624FB}.Release|Any CPU.ActiveCfg = Release|Any CPU
		{EAEC380C-051A-49D9-9E4B-6302CE1624FB}.Release|Any CPU.Build.0 = Release|Any CPU
		{9564581D-0DCF-4EF4-92E7-30AFC346D4DA}.Debug|Any CPU.ActiveCfg = Debug|Any CPU
		{9564581D-0DCF-4EF4-92E7-30AFC346D4DA}.Debug|Any CPU.Build.0 = Debug|Any CPU
		{9564581D-0DCF-4EF4-92E7-30AFC346D4DA}.Release|Any CPU.ActiveCfg = Release|Any CPU
		{9564581D-0DCF-4EF4-92E7-30AFC346D4DA}.Release|Any CPU.Build.0 = Release|Any CPU
		{E4BDF9AC-32C1-4467-9BA9-64C240C16775}.Debug|Any CPU.ActiveCfg = Debug|Any CPU
		{E4BDF9AC-32C1-4467-9BA9-64C240C16775}.Debug|Any CPU.Build.0 = Debug|Any CPU
		{E4BDF9AC-32C1-4467-9BA9-64C240C16775}.Release|Any CPU.ActiveCfg = Release|Any CPU
		{E4BDF9AC-32C1-4467-9BA9-64C240C16775}.Release|Any CPU.Build.0 = Release|Any CPU
	EndGlobalSection
	GlobalSection(SolutionProperties) = preSolution
		HideSolutionNode = FALSE
	EndGlobalSection
	GlobalSection(NestedProjects) = preSolution
		{FE5774DC-EB91-425C-86B7-51F792C78A3A} = {48788C03-C5A8-40B4-9D48-70BC429BCCC5}
		{01AD8460-3221-47C5-9FF3-38F12255FD96} = {48788C03-C5A8-40B4-9D48-70BC429BCCC5}
		{9DF71459-9FAE-460C-A923-9BB0214F5BC7} = {48788C03-C5A8-40B4-9D48-70BC429BCCC5}
		{F72CE0B7-8D40-498C-B6DD-AE21051AACA0} = {F61EF9DE-529C-4546-A777-890F41C19E71}
		{149D0D73-835B-4598-8749-07223B28C709} = {F61EF9DE-529C-4546-A777-890F41C19E71}
		{DFC01F94-1528-4DD6-AFBC-42DEF6433D18} = {3A4FD92B-6B0D-482B-951E-EEE890AC6579}
		{CFD6E9C9-FA4C-42BC-8D5F-8FBF517D7C3B} = {48788C03-C5A8-40B4-9D48-70BC429BCCC5}
		{ECFDABEE-16FE-4084-B518-533709A768A8} = {C31017FE-8C77-4258-AD41-D868DF651F44}
		{46A18A55-5AE8-49CE-91CD-C7421B642E7E} = {3A4FD92B-6B0D-482B-951E-EEE890AC6579}
		{EAEC380C-051A-49D9-9E4B-6302CE1624FB} = {48788C03-C5A8-40B4-9D48-70BC429BCCC5}
		{9564581D-0DCF-4EF4-92E7-30AFC346D4DA} = {C31017FE-8C77-4258-AD41-D868DF651F44}
		{C31017FE-8C77-4258-AD41-D868DF651F44} = {3A4FD92B-6B0D-482B-951E-EEE890AC6579}
		{E4BDF9AC-32C1-4467-9BA9-64C240C16775} = {48788C03-C5A8-40B4-9D48-70BC429BCCC5}
	EndGlobalSection
	GlobalSection(ExtensibilityGlobals) = postSolution
		SolutionGuid = {4D821C57-7784-4E15-A952-32E8E2B7CB8F}
	EndGlobalSection
EndGlobal
