
Microsoft Visual Studio Solution File, Format Version 12.00
# Visual Studio 15
VisualStudioVersion = 15.0.27130.2026
MinimumVisualStudioVersion = 10.0.40219.1
Project("{2150E333-8FDC-42A3-9474-1A3956D46DE8}") = "AddIns", "AddIns", "{B2DCC1E2-88BE-458B-B12D-DCC18BE93468}"
EndProject
Project("{FAE04EC0-301F-11D3-BF4B-00C04F79EFBC}") = "GPdotNET.ExcelAddIns", "AddIns\GPdotNET.ExcelAddIns\GPdotNET.ExcelAddIns.csproj", "{0F0A46F0-7B00-423D-9EC3-1265AF1BEE58}"
EndProject
Global
	GlobalSection(SolutionConfigurationPlatforms) = preSolution
		Debug|Any CPU = Debug|Any CPU
		Release|Any CPU = Release|Any CPU
	EndGlobalSection
	GlobalSection(ProjectConfigurationPlatforms) = postSolution
		{0F0A46F0-7B00-423D-9EC3-1265AF1BEE58}.Debug|Any CPU.ActiveCfg = Debug|Any CPU
		{0F0A46F0-7B00-423D-9EC3-1265AF1BEE58}.Debug|Any CPU.Build.0 = Debug|Any CPU
		{0F0A46F0-7B00-423D-9EC3-1265AF1BEE58}.Release|Any CPU.ActiveCfg = Release|Any CPU
		{0F0A46F0-7B00-423D-9EC3-1265AF1BEE58}.Release|Any CPU.Build.0 = Release|Any CPU
	EndGlobalSection
	GlobalSection(SolutionProperties) = preSolution
		HideSolutionNode = FALSE
	EndGlobalSection
	GlobalSection(NestedProjects) = preSolution
		{0F0A46F0-7B00-423D-9EC3-1265AF1BEE58} = {B2DCC1E2-88BE-458B-B12D-DCC18BE93468}
	EndGlobalSection
	GlobalSection(ExtensibilityGlobals) = postSolution
		SolutionGuid = {4D821C57-7784-4E15-A952-32E8E2B7CB8F}
	EndGlobalSection
EndGlobal
